
Microsoft Visual Studio Solution File, Format Version 12.00
# Visual Studio 15
VisualStudioVersion = 15.0.28010.2046
MinimumVisualStudioVersion = 10.0.40219.1
Project("{888888A0-9F3D-457C-B088-3A5042F75D52}") = "NewbieDjangoWeb", "NewbieDjangoWeb\NewbieDjangoWeb.pyproj", "{7F08ED5A-2C39-4DDF-9213-ECD570F227FE}"
EndProject
Global
	GlobalSection(SolutionConfigurationPlatforms) = preSolution
		Debug|Any CPU = Debug|Any CPU
		Release|Any CPU = Release|Any CPU
	EndGlobalSection
	GlobalSection(ProjectConfigurationPlatforms) = postSolution
		{7F08ED5A-2C39-4DDF-9213-ECD570F227FE}.Debug|Any CPU.ActiveCfg = Debug|Any CPU
		{7F08ED5A-2C39-4DDF-9213-ECD570F227FE}.Debug|Any CPU.Build.0 = Debug|Any CPU
		{7F08ED5A-2C39-4DDF-9213-ECD570F227FE}.Release|Any CPU.ActiveCfg = Release|Any CPU
		{7F08ED5A-2C39-4DDF-9213-ECD570F227FE}.Release|Any CPU.Build.0 = Release|Any CPU
	EndGlobalSection
	GlobalSection(SolutionProperties) = preSolution
		HideSolutionNode = FALSE
	EndGlobalSection
	GlobalSection(ExtensibilityGlobals) = postSolution
		SolutionGuid = {C285F5CC-1314-418A-BC1D-99E81CA32032}
	EndGlobalSection
EndGlobal
