
Microsoft Visual Studio Solution File, Format Version 12.00
# Visual Studio 15
VisualStudioVersion = 15.0.28010.2003
MinimumVisualStudioVersion = 10.0.40219.1
Project("{FAE04EC0-301F-11D3-BF4B-00C04F79EFBC}") = "MyNewbieWeb", "MyNewbieWeb\MyNewbieWeb.csproj", "{6489B525-9018-454B-962C-49584B643E45}"
EndProject
Global
	GlobalSection(SolutionConfigurationPlatforms) = preSolution
		Debug|Any CPU = Debug|Any CPU
		Release|Any CPU = Release|Any CPU
	EndGlobalSection
	GlobalSection(ProjectConfigurationPlatforms) = postSolution
		{6489B525-9018-454B-962C-49584B643E45}.Debug|Any CPU.ActiveCfg = Debug|Any CPU
		{6489B525-9018-454B-962C-49584B643E45}.Debug|Any CPU.Build.0 = Debug|Any CPU
		{6489B525-9018-454B-962C-49584B643E45}.Release|Any CPU.ActiveCfg = Release|Any CPU
		{6489B525-9018-454B-962C-49584B643E45}.Release|Any CPU.Build.0 = Release|Any CPU
	EndGlobalSection
	GlobalSection(SolutionProperties) = preSolution
		HideSolutionNode = FALSE
	EndGlobalSection
	GlobalSection(ExtensibilityGlobals) = postSolution
		SolutionGuid = {58D330C3-8C9E-48E1-8436-B5BEEB044C85}
	EndGlobalSection
EndGlobal
